
Microsoft Visual Studio Solution File, Format Version 12.00
# Visual Studio 2013
VisualStudioVersion = 12.0.21005.1
MinimumVisualStudioVersion = 10.0.40219.1
Project("{8BC9CEB8-8B4A-11D0-8D11-00A0C91BC942}") = "mGear-1", "mGear-1\mGear-1.vcxproj", "{1AF6406A-CDBE-49E6-9E8C-82F23656A750}"
EndProject
Project("{8BC9CEB8-8B4A-11D0-8D11-00A0C91BC942}") = "mggcreator", "mggcreator\mggcreator.vcxproj", "{845D5780-E232-4837-BFBF-3DA34103A33D}"
EndProject
Project("{8BC9CEB8-8B4A-11D0-8D11-00A0C91BC942}") = "mgvcreator", "mgvcreator\mgvcreator.vcxproj", "{F4485EBF-CCF3-4B09-91A2-3774CE322143}"
EndProject
Project("{8BC9CEB8-8B4A-11D0-8D11-00A0C91BC942}") = "mEngineer", "mEngineer\mEngineer.vcxproj", "{29FD5AF9-8F9B-49A2-96EC-7F91D32250CB}"
EndProject
Project("{8BC9CEB8-8B4A-11D0-8D11-00A0C91BC942}") = "mAudio", "mAudio\mAudio.vcxproj", "{46EB78F3-6428-4A68-8587-A519481F0288}"
EndProject
Project("{8BC9CEB8-8B4A-11D0-8D11-00A0C91BC942}") = "mTex", "mTex\mTex.vcxproj", "{2C9E053F-AD4D-4A6F-A369-F7F246AC8B60}"
EndProject
Project("{8BC9CEB8-8B4A-11D0-8D11-00A0C91BC942}") = "mggviewer", "mggviewer\mggviewer.vcxproj", "{1CE1FE96-0DF0-48C4-A437-DA8F8A9A80CE}"
EndProject
Project("{8BC9CEB8-8B4A-11D0-8D11-00A0C91BC942}") = "mSDK", "mSDK\mSDK.vcxproj", "{59889370-8830-454D-9C21-B063C4A58F7D}"
EndProject
Project("{FAE04EC0-301F-11D3-BF4B-00C04F79EFBC}") = "UpdVer", "UpdVer\UpdVer.csproj", "{3D5D19BD-D23E-45C8-8605-D0994F66FC9D}"
EndProject
Global
	GlobalSection(SolutionConfigurationPlatforms) = preSolution
		Debug|Any CPU = Debug|Any CPU
		Debug|Mixed Platforms = Debug|Mixed Platforms
		Debug|Win32 = Debug|Win32
		Debug|x64 = Debug|x64
		Debug64|Any CPU = Debug64|Any CPU
		Debug64|Mixed Platforms = Debug64|Mixed Platforms
		Debug64|Win32 = Debug64|Win32
		Debug64|x64 = Debug64|x64
		Release|Any CPU = Release|Any CPU
		Release|Mixed Platforms = Release|Mixed Platforms
		Release|Win32 = Release|Win32
		Release|x64 = Release|x64
		Release64|Any CPU = Release64|Any CPU
		Release64|Mixed Platforms = Release64|Mixed Platforms
		Release64|Win32 = Release64|Win32
		Release64|x64 = Release64|x64
	EndGlobalSection
	GlobalSection(ProjectConfigurationPlatforms) = postSolution
		{1AF6406A-CDBE-49E6-9E8C-82F23656A750}.Debug|Any CPU.ActiveCfg = Debug|Win32
		{1AF6406A-CDBE-49E6-9E8C-82F23656A750}.Debug|Mixed Platforms.ActiveCfg = Debug|Win32
		{1AF6406A-CDBE-49E6-9E8C-82F23656A750}.Debug|Mixed Platforms.Build.0 = Debug|Win32
		{1AF6406A-CDBE-49E6-9E8C-82F23656A750}.Debug|Win32.ActiveCfg = Debug|Win32
		{1AF6406A-CDBE-49E6-9E8C-82F23656A750}.Debug|Win32.Build.0 = Debug|Win32
		{1AF6406A-CDBE-49E6-9E8C-82F23656A750}.Debug|x64.ActiveCfg = Debug|x64
		{1AF6406A-CDBE-49E6-9E8C-82F23656A750}.Debug|x64.Build.0 = Debug|x64
		{1AF6406A-CDBE-49E6-9E8C-82F23656A750}.Debug64|Any CPU.ActiveCfg = Debug64|Win32
		{1AF6406A-CDBE-49E6-9E8C-82F23656A750}.Debug64|Mixed Platforms.ActiveCfg = Debug64|Win32
		{1AF6406A-CDBE-49E6-9E8C-82F23656A750}.Debug64|Mixed Platforms.Build.0 = Debug64|Win32
		{1AF6406A-CDBE-49E6-9E8C-82F23656A750}.Debug64|Win32.ActiveCfg = Debug64|Win32
		{1AF6406A-CDBE-49E6-9E8C-82F23656A750}.Debug64|Win32.Build.0 = Debug64|Win32
		{1AF6406A-CDBE-49E6-9E8C-82F23656A750}.Debug64|x64.ActiveCfg = Debug64|x64
		{1AF6406A-CDBE-49E6-9E8C-82F23656A750}.Debug64|x64.Build.0 = Debug64|x64
		{1AF6406A-CDBE-49E6-9E8C-82F23656A750}.Release|Any CPU.ActiveCfg = Release|Win32
		{1AF6406A-CDBE-49E6-9E8C-82F23656A750}.Release|Mixed Platforms.ActiveCfg = Release|Win32
		{1AF6406A-CDBE-49E6-9E8C-82F23656A750}.Release|Mixed Platforms.Build.0 = Release|Win32
		{1AF6406A-CDBE-49E6-9E8C-82F23656A750}.Release|Win32.ActiveCfg = Release|Win32
		{1AF6406A-CDBE-49E6-9E8C-82F23656A750}.Release|Win32.Build.0 = Release|Win32
		{1AF6406A-CDBE-49E6-9E8C-82F23656A750}.Release|x64.ActiveCfg = Release|x64
		{1AF6406A-CDBE-49E6-9E8C-82F23656A750}.Release|x64.Build.0 = Release|x64
		{1AF6406A-CDBE-49E6-9E8C-82F23656A750}.Release64|Any CPU.ActiveCfg = Release64|Win32
		{1AF6406A-CDBE-49E6-9E8C-82F23656A750}.Release64|Mixed Platforms.ActiveCfg = Release64|Win32
		{1AF6406A-CDBE-49E6-9E8C-82F23656A750}.Release64|Mixed Platforms.Build.0 = Release64|Win32
		{1AF6406A-CDBE-49E6-9E8C-82F23656A750}.Release64|Win32.ActiveCfg = Release64|Win32
		{1AF6406A-CDBE-49E6-9E8C-82F23656A750}.Release64|Win32.Build.0 = Release64|Win32
		{1AF6406A-CDBE-49E6-9E8C-82F23656A750}.Release64|x64.ActiveCfg = Release64|x64
		{1AF6406A-CDBE-49E6-9E8C-82F23656A750}.Release64|x64.Build.0 = Release64|x64
		{845D5780-E232-4837-BFBF-3DA34103A33D}.Debug|Any CPU.ActiveCfg = Debug|Win32
		{845D5780-E232-4837-BFBF-3DA34103A33D}.Debug|Mixed Platforms.ActiveCfg = Debug|Win32
		{845D5780-E232-4837-BFBF-3DA34103A33D}.Debug|Mixed Platforms.Build.0 = Debug|Win32
		{845D5780-E232-4837-BFBF-3DA34103A33D}.Debug|Win32.ActiveCfg = Debug|Win32
		{845D5780-E232-4837-BFBF-3DA34103A33D}.Debug|Win32.Build.0 = Debug|Win32
		{845D5780-E232-4837-BFBF-3DA34103A33D}.Debug|x64.ActiveCfg = Release|x64
		{845D5780-E232-4837-BFBF-3DA34103A33D}.Debug|x64.Build.0 = Release|x64
		{845D5780-E232-4837-BFBF-3DA34103A33D}.Debug64|Any CPU.ActiveCfg = Debug64|Win32
		{845D5780-E232-4837-BFBF-3DA34103A33D}.Debug64|Mixed Platforms.ActiveCfg = Debug64|Win32
		{845D5780-E232-4837-BFBF-3DA34103A33D}.Debug64|Mixed Platforms.Build.0 = Debug64|Win32
		{845D5780-E232-4837-BFBF-3DA34103A33D}.Debug64|Win32.ActiveCfg = Debug64|Win32
		{845D5780-E232-4837-BFBF-3DA34103A33D}.Debug64|Win32.Build.0 = Debug64|Win32
		{845D5780-E232-4837-BFBF-3DA34103A33D}.Debug64|x64.ActiveCfg = Debug64|x64
		{845D5780-E232-4837-BFBF-3DA34103A33D}.Debug64|x64.Build.0 = Debug64|x64
		{845D5780-E232-4837-BFBF-3DA34103A33D}.Release|Any CPU.ActiveCfg = Release|Win32
		{845D5780-E232-4837-BFBF-3DA34103A33D}.Release|Mixed Platforms.ActiveCfg = Release|Win32
		{845D5780-E232-4837-BFBF-3DA34103A33D}.Release|Mixed Platforms.Build.0 = Release|Win32
		{845D5780-E232-4837-BFBF-3DA34103A33D}.Release|Win32.ActiveCfg = Release|Win32
		{845D5780-E232-4837-BFBF-3DA34103A33D}.Release|Win32.Build.0 = Release|Win32
		{845D5780-E232-4837-BFBF-3DA34103A33D}.Release|x64.ActiveCfg = Release|x64
		{845D5780-E232-4837-BFBF-3DA34103A33D}.Release|x64.Build.0 = Release|x64
		{845D5780-E232-4837-BFBF-3DA34103A33D}.Release64|Any CPU.ActiveCfg = Release64|Win32
		{845D5780-E232-4837-BFBF-3DA34103A33D}.Release64|Mixed Platforms.ActiveCfg = Release64|Win32
		{845D5780-E232-4837-BFBF-3DA34103A33D}.Release64|Mixed Platforms.Build.0 = Release64|Win32
		{845D5780-E232-4837-BFBF-3DA34103A33D}.Release64|Win32.ActiveCfg = Release64|Win32
		{845D5780-E232-4837-BFBF-3DA34103A33D}.Release64|Win32.Build.0 = Release64|Win32
		{845D5780-E232-4837-BFBF-3DA34103A33D}.Release64|x64.ActiveCfg = Release64|x64
		{845D5780-E232-4837-BFBF-3DA34103A33D}.Release64|x64.Build.0 = Release64|x64
		{F4485EBF-CCF3-4B09-91A2-3774CE322143}.Debug|Any CPU.ActiveCfg = Debug|Win32
		{F4485EBF-CCF3-4B09-91A2-3774CE322143}.Debug|Mixed Platforms.ActiveCfg = Debug|Win32
		{F4485EBF-CCF3-4B09-91A2-3774CE322143}.Debug|Mixed Platforms.Build.0 = Debug|Win32
		{F4485EBF-CCF3-4B09-91A2-3774CE322143}.Debug|Win32.ActiveCfg = Debug|Win32
		{F4485EBF-CCF3-4B09-91A2-3774CE322143}.Debug|Win32.Build.0 = Debug|Win32
		{F4485EBF-CCF3-4B09-91A2-3774CE322143}.Debug|x64.ActiveCfg = Release|x64
		{F4485EBF-CCF3-4B09-91A2-3774CE322143}.Debug|x64.Build.0 = Release|x64
		{F4485EBF-CCF3-4B09-91A2-3774CE322143}.Debug64|Any CPU.ActiveCfg = Debug64|Win32
		{F4485EBF-CCF3-4B09-91A2-3774CE322143}.Debug64|Mixed Platforms.ActiveCfg = Debug64|Win32
		{F4485EBF-CCF3-4B09-91A2-3774CE322143}.Debug64|Mixed Platforms.Build.0 = Debug64|Win32
		{F4485EBF-CCF3-4B09-91A2-3774CE322143}.Debug64|Win32.ActiveCfg = Debug64|Win32
		{F4485EBF-CCF3-4B09-91A2-3774CE322143}.Debug64|Win32.Build.0 = Debug64|Win32
		{F4485EBF-CCF3-4B09-91A2-3774CE322143}.Debug64|x64.ActiveCfg = Debug64|x64
		{F4485EBF-CCF3-4B09-91A2-3774CE322143}.Debug64|x64.Build.0 = Debug64|x64
		{F4485EBF-CCF3-4B09-91A2-3774CE322143}.Release|Any CPU.ActiveCfg = Release|Win32
		{F4485EBF-CCF3-4B09-91A2-3774CE322143}.Release|Mixed Platforms.ActiveCfg = Release|Win32
		{F4485EBF-CCF3-4B09-91A2-3774CE322143}.Release|Mixed Platforms.Build.0 = Release|Win32
		{F4485EBF-CCF3-4B09-91A2-3774CE322143}.Release|Win32.ActiveCfg = Release|Win32
		{F4485EBF-CCF3-4B09-91A2-3774CE322143}.Release|Win32.Build.0 = Release|Win32
		{F4485EBF-CCF3-4B09-91A2-3774CE322143}.Release|x64.ActiveCfg = Release|x64
		{F4485EBF-CCF3-4B09-91A2-3774CE322143}.Release|x64.Build.0 = Release|x64
		{F4485EBF-CCF3-4B09-91A2-3774CE322143}.Release64|Any CPU.ActiveCfg = Release64|Win32
		{F4485EBF-CCF3-4B09-91A2-3774CE322143}.Release64|Mixed Platforms.ActiveCfg = Release64|Win32
		{F4485EBF-CCF3-4B09-91A2-3774CE322143}.Release64|Mixed Platforms.Build.0 = Release64|Win32
		{F4485EBF-CCF3-4B09-91A2-3774CE322143}.Release64|Win32.ActiveCfg = Release64|Win32
		{F4485EBF-CCF3-4B09-91A2-3774CE322143}.Release64|Win32.Build.0 = Release64|Win32
		{F4485EBF-CCF3-4B09-91A2-3774CE322143}.Release64|x64.ActiveCfg = Release64|x64
		{F4485EBF-CCF3-4B09-91A2-3774CE322143}.Release64|x64.Build.0 = Release64|x64
		{29FD5AF9-8F9B-49A2-96EC-7F91D32250CB}.Debug|Any CPU.ActiveCfg = Debug|Win32
		{29FD5AF9-8F9B-49A2-96EC-7F91D32250CB}.Debug|Mixed Platforms.ActiveCfg = Debug|Win32
		{29FD5AF9-8F9B-49A2-96EC-7F91D32250CB}.Debug|Mixed Platforms.Build.0 = Debug|Win32
		{29FD5AF9-8F9B-49A2-96EC-7F91D32250CB}.Debug|Win32.ActiveCfg = Debug|Win32
		{29FD5AF9-8F9B-49A2-96EC-7F91D32250CB}.Debug|Win32.Build.0 = Debug|Win32
		{29FD5AF9-8F9B-49A2-96EC-7F91D32250CB}.Debug|x64.ActiveCfg = Debug|x64
		{29FD5AF9-8F9B-49A2-96EC-7F91D32250CB}.Debug|x64.Build.0 = Debug|x64
		{29FD5AF9-8F9B-49A2-96EC-7F91D32250CB}.Debug64|Any CPU.ActiveCfg = Debug64|Win32
		{29FD5AF9-8F9B-49A2-96EC-7F91D32250CB}.Debug64|Mixed Platforms.ActiveCfg = Debug64|Win32
		{29FD5AF9-8F9B-49A2-96EC-7F91D32250CB}.Debug64|Mixed Platforms.Build.0 = Debug64|Win32
		{29FD5AF9-8F9B-49A2-96EC-7F91D32250CB}.Debug64|Win32.ActiveCfg = Debug64|Win32
		{29FD5AF9-8F9B-49A2-96EC-7F91D32250CB}.Debug64|Win32.Build.0 = Debug64|Win32
		{29FD5AF9-8F9B-49A2-96EC-7F91D32250CB}.Debug64|x64.ActiveCfg = Debug64|x64
		{29FD5AF9-8F9B-49A2-96EC-7F91D32250CB}.Debug64|x64.Build.0 = Debug64|x64
		{29FD5AF9-8F9B-49A2-96EC-7F91D32250CB}.Release|Any CPU.ActiveCfg = Release|Win32
		{29FD5AF9-8F9B-49A2-96EC-7F91D32250CB}.Release|Mixed Platforms.ActiveCfg = Release|Win32
		{29FD5AF9-8F9B-49A2-96EC-7F91D32250CB}.Release|Mixed Platforms.Build.0 = Release|Win32
		{29FD5AF9-8F9B-49A2-96EC-7F91D32250CB}.Release|Win32.ActiveCfg = Release|Win32
		{29FD5AF9-8F9B-49A2-96EC-7F91D32250CB}.Release|Win32.Build.0 = Release|Win32
		{29FD5AF9-8F9B-49A2-96EC-7F91D32250CB}.Release|x64.ActiveCfg = Release|x64
		{29FD5AF9-8F9B-49A2-96EC-7F91D32250CB}.Release|x64.Build.0 = Release|x64
		{29FD5AF9-8F9B-49A2-96EC-7F91D32250CB}.Release64|Any CPU.ActiveCfg = Release64|Win32
		{29FD5AF9-8F9B-49A2-96EC-7F91D32250CB}.Release64|Mixed Platforms.ActiveCfg = Release64|Win32
		{29FD5AF9-8F9B-49A2-96EC-7F91D32250CB}.Release64|Mixed Platforms.Build.0 = Release64|Win32
		{29FD5AF9-8F9B-49A2-96EC-7F91D32250CB}.Release64|Win32.ActiveCfg = Release64|Win32
		{29FD5AF9-8F9B-49A2-96EC-7F91D32250CB}.Release64|Win32.Build.0 = Release64|Win32
		{29FD5AF9-8F9B-49A2-96EC-7F91D32250CB}.Release64|x64.ActiveCfg = Release64|x64
		{29FD5AF9-8F9B-49A2-96EC-7F91D32250CB}.Release64|x64.Build.0 = Release64|x64
		{46EB78F3-6428-4A68-8587-A519481F0288}.Debug|Any CPU.ActiveCfg = Debug|Win32
		{46EB78F3-6428-4A68-8587-A519481F0288}.Debug|Mixed Platforms.ActiveCfg = Debug|Win32
		{46EB78F3-6428-4A68-8587-A519481F0288}.Debug|Mixed Platforms.Build.0 = Debug|Win32
		{46EB78F3-6428-4A68-8587-A519481F0288}.Debug|Win32.ActiveCfg = Debug|Win32
		{46EB78F3-6428-4A68-8587-A519481F0288}.Debug|Win32.Build.0 = Debug|Win32
		{46EB78F3-6428-4A68-8587-A519481F0288}.Debug|x64.ActiveCfg = Debug|Win32
		{46EB78F3-6428-4A68-8587-A519481F0288}.Debug64|Any CPU.ActiveCfg = Debug64|Win32
		{46EB78F3-6428-4A68-8587-A519481F0288}.Debug64|Mixed Platforms.ActiveCfg = Debug64|Win32
		{46EB78F3-6428-4A68-8587-A519481F0288}.Debug64|Mixed Platforms.Build.0 = Debug64|Win32
		{46EB78F3-6428-4A68-8587-A519481F0288}.Debug64|Win32.ActiveCfg = Debug64|Win32
		{46EB78F3-6428-4A68-8587-A519481F0288}.Debug64|Win32.Build.0 = Debug64|Win32
		{46EB78F3-6428-4A68-8587-A519481F0288}.Debug64|x64.ActiveCfg = Debug64|Win32
		{46EB78F3-6428-4A68-8587-A519481F0288}.Release|Any CPU.ActiveCfg = Release|Win32
		{46EB78F3-6428-4A68-8587-A519481F0288}.Release|Mixed Platforms.ActiveCfg = Release|Win32
		{46EB78F3-6428-4A68-8587-A519481F0288}.Release|Mixed Platforms.Build.0 = Release|Win32
		{46EB78F3-6428-4A68-8587-A519481F0288}.Release|Win32.ActiveCfg = Release|Win32
		{46EB78F3-6428-4A68-8587-A519481F0288}.Release|Win32.Build.0 = Release|Win32
		{46EB78F3-6428-4A68-8587-A519481F0288}.Release|x64.ActiveCfg = Release|Win32
		{46EB78F3-6428-4A68-8587-A519481F0288}.Release64|Any CPU.ActiveCfg = Release64|Win32
		{46EB78F3-6428-4A68-8587-A519481F0288}.Release64|Mixed Platforms.ActiveCfg = Release64|Win32
		{46EB78F3-6428-4A68-8587-A519481F0288}.Release64|Mixed Platforms.Build.0 = Release64|Win32
		{46EB78F3-6428-4A68-8587-A519481F0288}.Release64|Win32.ActiveCfg = Release64|Win32
		{46EB78F3-6428-4A68-8587-A519481F0288}.Release64|Win32.Build.0 = Release64|Win32
		{46EB78F3-6428-4A68-8587-A519481F0288}.Release64|x64.ActiveCfg = Release64|Win32
		{2C9E053F-AD4D-4A6F-A369-F7F246AC8B60}.Debug|Any CPU.ActiveCfg = Debug|Win32
		{2C9E053F-AD4D-4A6F-A369-F7F246AC8B60}.Debug|Mixed Platforms.ActiveCfg = Debug|Win32
		{2C9E053F-AD4D-4A6F-A369-F7F246AC8B60}.Debug|Mixed Platforms.Build.0 = Debug|Win32
		{2C9E053F-AD4D-4A6F-A369-F7F246AC8B60}.Debug|Win32.ActiveCfg = Debug|Win32
		{2C9E053F-AD4D-4A6F-A369-F7F246AC8B60}.Debug|Win32.Build.0 = Debug|Win32
		{2C9E053F-AD4D-4A6F-A369-F7F246AC8B60}.Debug|x64.ActiveCfg = Debug|Win32
		{2C9E053F-AD4D-4A6F-A369-F7F246AC8B60}.Debug64|Any CPU.ActiveCfg = Debug64|Win32
		{2C9E053F-AD4D-4A6F-A369-F7F246AC8B60}.Debug64|Mixed Platforms.ActiveCfg = Debug64|Win32
		{2C9E053F-AD4D-4A6F-A369-F7F246AC8B60}.Debug64|Mixed Platforms.Build.0 = Debug64|Win32
		{2C9E053F-AD4D-4A6F-A369-F7F246AC8B60}.Debug64|Win32.ActiveCfg = Debug64|Win32
		{2C9E053F-AD4D-4A6F-A369-F7F246AC8B60}.Debug64|Win32.Build.0 = Debug64|Win32
		{2C9E053F-AD4D-4A6F-A369-F7F246AC8B60}.Debug64|x64.ActiveCfg = Debug64|Win32
		{2C9E053F-AD4D-4A6F-A369-F7F246AC8B60}.Release|Any CPU.ActiveCfg = Release|Win32
		{2C9E053F-AD4D-4A6F-A369-F7F246AC8B60}.Release|Mixed Platforms.ActiveCfg = Release|Win32
		{2C9E053F-AD4D-4A6F-A369-F7F246AC8B60}.Release|Mixed Platforms.Build.0 = Release|Win32
		{2C9E053F-AD4D-4A6F-A369-F7F246AC8B60}.Release|Win32.ActiveCfg = Release|Win32
		{2C9E053F-AD4D-4A6F-A369-F7F246AC8B60}.Release|Win32.Build.0 = Release|Win32
		{2C9E053F-AD4D-4A6F-A369-F7F246AC8B60}.Release|x64.ActiveCfg = Release|Win32
		{2C9E053F-AD4D-4A6F-A369-F7F246AC8B60}.Release64|Any CPU.ActiveCfg = Release64|Win32
		{2C9E053F-AD4D-4A6F-A369-F7F246AC8B60}.Release64|Mixed Platforms.ActiveCfg = Release64|Win32
		{2C9E053F-AD4D-4A6F-A369-F7F246AC8B60}.Release64|Mixed Platforms.Build.0 = Release64|Win32
		{2C9E053F-AD4D-4A6F-A369-F7F246AC8B60}.Release64|Win32.ActiveCfg = Release64|Win32
		{2C9E053F-AD4D-4A6F-A369-F7F246AC8B60}.Release64|Win32.Build.0 = Release64|Win32
		{2C9E053F-AD4D-4A6F-A369-F7F246AC8B60}.Release64|x64.ActiveCfg = Release64|Win32
		{1CE1FE96-0DF0-48C4-A437-DA8F8A9A80CE}.Debug|Any CPU.ActiveCfg = Debug|Win32
		{1CE1FE96-0DF0-48C4-A437-DA8F8A9A80CE}.Debug|Mixed Platforms.ActiveCfg = Debug|Win32
		{1CE1FE96-0DF0-48C4-A437-DA8F8A9A80CE}.Debug|Mixed Platforms.Build.0 = Debug|Win32
		{1CE1FE96-0DF0-48C4-A437-DA8F8A9A80CE}.Debug|Win32.ActiveCfg = Debug|Win32
		{1CE1FE96-0DF0-48C4-A437-DA8F8A9A80CE}.Debug|Win32.Build.0 = Debug|Win32
		{1CE1FE96-0DF0-48C4-A437-DA8F8A9A80CE}.Debug|x64.ActiveCfg = Debug|Win32
		{1CE1FE96-0DF0-48C4-A437-DA8F8A9A80CE}.Debug64|Any CPU.ActiveCfg = Debug64|Win32
		{1CE1FE96-0DF0-48C4-A437-DA8F8A9A80CE}.Debug64|Mixed Platforms.ActiveCfg = Debug64|Win32
		{1CE1FE96-0DF0-48C4-A437-DA8F8A9A80CE}.Debug64|Mixed Platforms.Build.0 = Debug64|Win32
		{1CE1FE96-0DF0-48C4-A437-DA8F8A9A80CE}.Debug64|Win32.ActiveCfg = Debug64|Win32
		{1CE1FE96-0DF0-48C4-A437-DA8F8A9A80CE}.Debug64|Win32.Build.0 = Debug64|Win32
		{1CE1FE96-0DF0-48C4-A437-DA8F8A9A80CE}.Debug64|x64.ActiveCfg = Debug64|Win32
		{1CE1FE96-0DF0-48C4-A437-DA8F8A9A80CE}.Release|Any CPU.ActiveCfg = Release|Win32
		{1CE1FE96-0DF0-48C4-A437-DA8F8A9A80CE}.Release|Mixed Platforms.ActiveCfg = Release|Win32
		{1CE1FE96-0DF0-48C4-A437-DA8F8A9A80CE}.Release|Mixed Platforms.Build.0 = Release|Win32
		{1CE1FE96-0DF0-48C4-A437-DA8F8A9A80CE}.Release|Win32.ActiveCfg = Release|Win32
		{1CE1FE96-0DF0-48C4-A437-DA8F8A9A80CE}.Release|Win32.Build.0 = Release|Win32
		{1CE1FE96-0DF0-48C4-A437-DA8F8A9A80CE}.Release|x64.ActiveCfg = Release|Win32
		{1CE1FE96-0DF0-48C4-A437-DA8F8A9A80CE}.Release64|Any CPU.ActiveCfg = Release64|Win32
		{1CE1FE96-0DF0-48C4-A437-DA8F8A9A80CE}.Release64|Mixed Platforms.ActiveCfg = Release64|Win32
		{1CE1FE96-0DF0-48C4-A437-DA8F8A9A80CE}.Release64|Mixed Platforms.Build.0 = Release64|Win32
		{1CE1FE96-0DF0-48C4-A437-DA8F8A9A80CE}.Release64|Win32.ActiveCfg = Release64|Win32
		{1CE1FE96-0DF0-48C4-A437-DA8F8A9A80CE}.Release64|Win32.Build.0 = Release64|Win32
		{1CE1FE96-0DF0-48C4-A437-DA8F8A9A80CE}.Release64|x64.ActiveCfg = Release64|Win32
		{59889370-8830-454D-9C21-B063C4A58F7D}.Debug|Any CPU.ActiveCfg = Debug|Win32
		{59889370-8830-454D-9C21-B063C4A58F7D}.Debug|Mixed Platforms.ActiveCfg = Debug|Win32
		{59889370-8830-454D-9C21-B063C4A58F7D}.Debug|Mixed Platforms.Build.0 = Debug|Win32
		{59889370-8830-454D-9C21-B063C4A58F7D}.Debug|Win32.ActiveCfg = Debug|Win32
		{59889370-8830-454D-9C21-B063C4A58F7D}.Debug|Win32.Build.0 = Debug|Win32
		{59889370-8830-454D-9C21-B063C4A58F7D}.Debug|x64.ActiveCfg = Debug|Win32
		{59889370-8830-454D-9C21-B063C4A58F7D}.Debug64|Any CPU.ActiveCfg = Debug64|Win32
		{59889370-8830-454D-9C21-B063C4A58F7D}.Debug64|Mixed Platforms.ActiveCfg = Debug64|Win32
		{59889370-8830-454D-9C21-B063C4A58F7D}.Debug64|Mixed Platforms.Build.0 = Debug64|Win32
		{59889370-8830-454D-9C21-B063C4A58F7D}.Debug64|Win32.ActiveCfg = Debug64|Win32
		{59889370-8830-454D-9C21-B063C4A58F7D}.Debug64|Win32.Build.0 = Debug64|Win32
		{59889370-8830-454D-9C21-B063C4A58F7D}.Debug64|x64.ActiveCfg = Debug64|Win32
		{59889370-8830-454D-9C21-B063C4A58F7D}.Release|Any CPU.ActiveCfg = Release|Win32
		{59889370-8830-454D-9C21-B063C4A58F7D}.Release|Mixed Platforms.ActiveCfg = Release|Win32
		{59889370-8830-454D-9C21-B063C4A58F7D}.Release|Mixed Platforms.Build.0 = Release|Win32
		{59889370-8830-454D-9C21-B063C4A58F7D}.Release|Win32.ActiveCfg = Release|Win32
		{59889370-8830-454D-9C21-B063C4A58F7D}.Release|Win32.Build.0 = Release|Win32
		{59889370-8830-454D-9C21-B063C4A58F7D}.Release|x64.ActiveCfg = Release|Win32
		{59889370-8830-454D-9C21-B063C4A58F7D}.Release64|Any CPU.ActiveCfg = Release64|Win32
		{59889370-8830-454D-9C21-B063C4A58F7D}.Release64|Mixed Platforms.ActiveCfg = Release64|Win32
		{59889370-8830-454D-9C21-B063C4A58F7D}.Release64|Mixed Platforms.Build.0 = Release64|Win32
		{59889370-8830-454D-9C21-B063C4A58F7D}.Release64|Win32.ActiveCfg = Release64|Win32
		{59889370-8830-454D-9C21-B063C4A58F7D}.Release64|Win32.Build.0 = Release64|Win32
		{59889370-8830-454D-9C21-B063C4A58F7D}.Release64|x64.ActiveCfg = Release64|Win32
		{3D5D19BD-D23E-45C8-8605-D0994F66FC9D}.Debug|Any CPU.ActiveCfg = Debug|Any CPU
		{3D5D19BD-D23E-45C8-8605-D0994F66FC9D}.Debug|Any CPU.Build.0 = Debug|Any CPU
		{3D5D19BD-D23E-45C8-8605-D0994F66FC9D}.Debug|Mixed Platforms.ActiveCfg = Debug|Any CPU
		{3D5D19BD-D23E-45C8-8605-D0994F66FC9D}.Debug|Mixed Platforms.Build.0 = Debug|Any CPU
		{3D5D19BD-D23E-45C8-8605-D0994F66FC9D}.Debug|Win32.ActiveCfg = Debug|Any CPU
		{3D5D19BD-D23E-45C8-8605-D0994F66FC9D}.Debug|x64.ActiveCfg = Debug|Any CPU
		{3D5D19BD-D23E-45C8-8605-D0994F66FC9D}.Debug64|Any CPU.ActiveCfg = Debug|Any CPU
		{3D5D19BD-D23E-45C8-8605-D0994F66FC9D}.Debug64|Any CPU.Build.0 = Debug|Any CPU
		{3D5D19BD-D23E-45C8-8605-D0994F66FC9D}.Debug64|Mixed Platforms.ActiveCfg = Debug|Any CPU
		{3D5D19BD-D23E-45C8-8605-D0994F66FC9D}.Debug64|Mixed Platforms.Build.0 = Debug|Any CPU
		{3D5D19BD-D23E-45C8-8605-D0994F66FC9D}.Debug64|Win32.ActiveCfg = Debug|Any CPU
		{3D5D19BD-D23E-45C8-8605-D0994F66FC9D}.Debug64|x64.ActiveCfg = Debug|Any CPU
		{3D5D19BD-D23E-45C8-8605-D0994F66FC9D}.Release|Any CPU.ActiveCfg = Release|Any CPU
		{3D5D19BD-D23E-45C8-8605-D0994F66FC9D}.Release|Any CPU.Build.0 = Release|Any CPU
		{3D5D19BD-D23E-45C8-8605-D0994F66FC9D}.Release|Mixed Platforms.ActiveCfg = Release|Any CPU
		{3D5D19BD-D23E-45C8-8605-D0994F66FC9D}.Release|Mixed Platforms.Build.0 = Release|Any CPU
		{3D5D19BD-D23E-45C8-8605-D0994F66FC9D}.Release|Win32.ActiveCfg = Release|Any CPU
		{3D5D19BD-D23E-45C8-8605-D0994F66FC9D}.Release|x64.ActiveCfg = Release|Any CPU
		{3D5D19BD-D23E-45C8-8605-D0994F66FC9D}.Release64|Any CPU.ActiveCfg = Release|Any CPU
		{3D5D19BD-D23E-45C8-8605-D0994F66FC9D}.Release64|Any CPU.Build.0 = Release|Any CPU
		{3D5D19BD-D23E-45C8-8605-D0994F66FC9D}.Release64|Mixed Platforms.ActiveCfg = Release|Any CPU
		{3D5D19BD-D23E-45C8-8605-D0994F66FC9D}.Release64|Mixed Platforms.Build.0 = Release|Any CPU
		{3D5D19BD-D23E-45C8-8605-D0994F66FC9D}.Release64|Win32.ActiveCfg = Release|Any CPU
		{3D5D19BD-D23E-45C8-8605-D0994F66FC9D}.Release64|x64.ActiveCfg = Release|Any CPU
	EndGlobalSection
	GlobalSection(SolutionProperties) = preSolution
		HideSolutionNode = FALSE
	EndGlobalSection
	GlobalSection(Performance) = preSolution
		HasPerformanceSessions = true
	EndGlobalSection
EndGlobal
