
Microsoft Visual Studio Solution File, Format Version 11.00
# Visual C++ Express 2010
Project("{8BC9CEB8-8B4A-11D0-8D11-00A0C91BC942}") = "mGear-1", "mGear-1\mGear-1.vcxproj", "{1AF6406A-CDBE-49E6-9E8C-82F23656A750}"
EndProject
Project("{8BC9CEB8-8B4A-11D0-8D11-00A0C91BC942}") = "mggcreator", "mggcreator\mggcreator.vcxproj", "{845D5780-E232-4837-BFBF-3DA34103A33D}"
EndProject
Project("{8BC9CEB8-8B4A-11D0-8D11-00A0C91BC942}") = "mgvcreator", "mgvcreator\mgvcreator.vcxproj", "{F4485EBF-CCF3-4B09-91A2-3774CE322143}"
EndProject
Project("{8BC9CEB8-8B4A-11D0-8D11-00A0C91BC942}") = "mEngineer", "mEngineer\mEngineer.vcxproj", "{29FD5AF9-8F9B-49A2-96EC-7F91D32250CB}"
	ProjectSection(ProjectDependencies) = postProject
		{1AF6406A-CDBE-49E6-9E8C-82F23656A750} = {1AF6406A-CDBE-49E6-9E8C-82F23656A750}
	EndProjectSection
EndProject
Global
	GlobalSection(SolutionConfigurationPlatforms) = preSolution
		Debug|Win32 = Debug|Win32
		Release|Win32 = Release|Win32
	EndGlobalSection
	GlobalSection(ProjectConfigurationPlatforms) = postSolution
		{1AF6406A-CDBE-49E6-9E8C-82F23656A750}.Debug|Win32.ActiveCfg = Debug|Win32
		{1AF6406A-CDBE-49E6-9E8C-82F23656A750}.Debug|Win32.Build.0 = Debug|Win32
		{1AF6406A-CDBE-49E6-9E8C-82F23656A750}.Release|Win32.ActiveCfg = Release|Win32
		{1AF6406A-CDBE-49E6-9E8C-82F23656A750}.Release|Win32.Build.0 = Release|Win32
		{845D5780-E232-4837-BFBF-3DA34103A33D}.Debug|Win32.ActiveCfg = Debug|Win32
		{845D5780-E232-4837-BFBF-3DA34103A33D}.Debug|Win32.Build.0 = Debug|Win32
		{845D5780-E232-4837-BFBF-3DA34103A33D}.Release|Win32.ActiveCfg = Release|Win32
		{845D5780-E232-4837-BFBF-3DA34103A33D}.Release|Win32.Build.0 = Release|Win32
		{F4485EBF-CCF3-4B09-91A2-3774CE322143}.Debug|Win32.ActiveCfg = Debug|Win32
		{F4485EBF-CCF3-4B09-91A2-3774CE322143}.Debug|Win32.Build.0 = Debug|Win32
		{F4485EBF-CCF3-4B09-91A2-3774CE322143}.Release|Win32.ActiveCfg = Release|Win32
		{F4485EBF-CCF3-4B09-91A2-3774CE322143}.Release|Win32.Build.0 = Release|Win32
		{29FD5AF9-8F9B-49A2-96EC-7F91D32250CB}.Debug|Win32.ActiveCfg = Debug|Win32
		{29FD5AF9-8F9B-49A2-96EC-7F91D32250CB}.Debug|Win32.Build.0 = Debug|Win32
		{29FD5AF9-8F9B-49A2-96EC-7F91D32250CB}.Release|Win32.ActiveCfg = Release|Win32
		{29FD5AF9-8F9B-49A2-96EC-7F91D32250CB}.Release|Win32.Build.0 = Release|Win32
	EndGlobalSection
	GlobalSection(SolutionProperties) = preSolution
		HideSolutionNode = FALSE
	EndGlobalSection
EndGlobal
